
Microsoft Visual Studio Solution File, Format Version 12.00
# Visual Studio Version 16
VisualStudioVersion = 16.0.31911.196
MinimumVisualStudioVersion = 10.0.40219.1
Project("{FAE04EC0-301F-11D3-BF4B-00C04F79EFBC}") = "contactdetails", "contactdetails\contactdetails.csproj", "{6CADE194-D8AA-4109-AAE5-3D694E4C1D94}"
EndProject
Global
	GlobalSection(SolutionConfigurationPlatforms) = preSolution
		Debug|Any CPU = Debug|Any CPU
		Release|Any CPU = Release|Any CPU
	EndGlobalSection
	GlobalSection(ProjectConfigurationPlatforms) = postSolution
		{6CADE194-D8AA-4109-AAE5-3D694E4C1D94}.Debug|Any CPU.ActiveCfg = Debug|Any CPU
		{6CADE194-D8AA-4109-AAE5-3D694E4C1D94}.Debug|Any CPU.Build.0 = Debug|Any CPU
		{6CADE194-D8AA-4109-AAE5-3D694E4C1D94}.Release|Any CPU.ActiveCfg = Release|Any CPU
		{6CADE194-D8AA-4109-AAE5-3D694E4C1D94}.Release|Any CPU.Build.0 = Release|Any CPU
	EndGlobalSection
	GlobalSection(SolutionProperties) = preSolution
		HideSolutionNode = FALSE
	EndGlobalSection
	GlobalSection(ExtensibilityGlobals) = postSolution
		SolutionGuid = {A42362CD-1A85-4DD9-BD3B-1A24569C3294}
	EndGlobalSection
EndGlobal
